
Microsoft Visual Studio Solution File, Format Version 12.00
# Visual Studio Version 17
VisualStudioVersion = 17.11.35222.181
MinimumVisualStudioVersion = 10.0.40219.1
Project("{FAE04EC0-301F-11D3-BF4B-00C04F79EFBC}") = "Serviços Sociais - Gestão", "Serviços Sociais - Gestão\Serviços Sociais - Gestão.csproj", "{23614B71-93A4-4F7B-9A17-EA3EFBFD9547}"
EndProject
Project("{54435603-DBB4-11D2-8724-00A0C9A8B90C}") = "Gestão de Comparticipações", "Gestão de Comparticipações\Gestão de Comparticipações.vdproj", "{5B658E81-2CED-4523-820B-A32079D845DB}"
EndProject
Global
	GlobalSection(SolutionConfigurationPlatforms) = preSolution
		Debug|Any CPU = Debug|Any CPU
		Release|Any CPU = Release|Any CPU
	EndGlobalSection
	GlobalSection(ProjectConfigurationPlatforms) = postSolution
		{23614B71-93A4-4F7B-9A17-EA3EFBFD9547}.Debug|Any CPU.ActiveCfg = Release|Any CPU
		{23614B71-93A4-4F7B-9A17-EA3EFBFD9547}.Debug|Any CPU.Build.0 = Release|Any CPU
		{23614B71-93A4-4F7B-9A17-EA3EFBFD9547}.Release|Any CPU.ActiveCfg = Release|Any CPU
		{23614B71-93A4-4F7B-9A17-EA3EFBFD9547}.Release|Any CPU.Build.0 = Release|Any CPU
		{5B658E81-2CED-4523-820B-A32079D845DB}.Debug|Any CPU.ActiveCfg = Release
		{5B658E81-2CED-4523-820B-A32079D845DB}.Debug|Any CPU.Build.0 = Release
		{5B658E81-2CED-4523-820B-A32079D845DB}.Release|Any CPU.ActiveCfg = Release
		{5B658E81-2CED-4523-820B-A32079D845DB}.Release|Any CPU.Build.0 = Release
	EndGlobalSection
	GlobalSection(SolutionProperties) = preSolution
		HideSolutionNode = FALSE
	EndGlobalSection
	GlobalSection(ExtensibilityGlobals) = postSolution
		SolutionGuid = {F12630B7-A4B1-4D4C-ADDF-09DB301A1128}
	EndGlobalSection
EndGlobal
